
Microsoft Visual Studio Solution File, Format Version 12.00
# Visual Studio Version 16
VisualStudioVersion = 16.0.32228.343
MinimumVisualStudioVersion = 10.0.40219.1
Project("{FAE04EC0-301F-11D3-BF4B-00C04F79EFBC}") = "NetLocalGroupEnum", "NetLocalGroupEnum\NetLocalGroupEnum.csproj", "{189F3031-9887-4189-8A7D-44C09C98052A}"
EndProject
Global
	GlobalSection(SolutionConfigurationPlatforms) = preSolution
		Debug|Any CPU = Debug|Any CPU
		Release|Any CPU = Release|Any CPU
	EndGlobalSection
	GlobalSection(ProjectConfigurationPlatforms) = postSolution
		{189F3031-9887-4189-8A7D-44C09C98052A}.Debug|Any CPU.ActiveCfg = Debug|Any CPU
		{189F3031-9887-4189-8A7D-44C09C98052A}.Debug|Any CPU.Build.0 = Debug|Any CPU
		{189F3031-9887-4189-8A7D-44C09C98052A}.Release|Any CPU.ActiveCfg = Release|Any CPU
		{189F3031-9887-4189-8A7D-44C09C98052A}.Release|Any CPU.Build.0 = Release|Any CPU
	EndGlobalSection
	GlobalSection(SolutionProperties) = preSolution
		HideSolutionNode = FALSE
	EndGlobalSection
	GlobalSection(ExtensibilityGlobals) = postSolution
		SolutionGuid = {494E5345-929B-4990-AF99-FCCC8DCD218F}
	EndGlobalSection
EndGlobal
